
Microsoft Visual Studio Solution File, Format Version 12.00
# Visual Studio Version 17
VisualStudioVersion = 17.0.31903.59
MinimumVisualStudioVersion = 10.0.40219.1
Project("{2150E333-8FDC-42A3-9474-1A3956D46DE8}") = "src", "src", "{827E0CD3-B72D-47B6-A68D-7590B98EB39B}"
EndProject
Project("{FAE04EC0-301F-11D3-BF4B-00C04F79EFBC}") = "Nexit.Core", "src\Nexit.Core\Nexit.Core.csproj", "{F55CC332-E08A-48D6-BE2D-A9FFFAC4FBD9}"
EndProject
Project("{FAE04EC0-301F-11D3-BF4B-00C04F79EFBC}") = "Nexit.Application", "src\Nexit.Application\Nexit.Application.csproj", "{AEC57C6E-F88B-44AE-B7A2-C02C9E823FC5}"
EndProject
Project("{FAE04EC0-301F-11D3-BF4B-00C04F79EFBC}") = "Nexit.Infrastructure", "src\Nexit.Infrastructure\Nexit.Infrastructure.csproj", "{BEE88A4B-7C85-48F8-A59B-C4CD92656D1E}"
EndProject
Project("{FAE04EC0-301F-11D3-BF4B-00C04F79EFBC}") = "Nexit.API", "src\Nexit.API\Nexit.API.csproj", "{38D6000E-605B-4EA0-8DB1-E4ECC5E25647}"
EndProject
Project("{FAE04EC0-301F-11D3-BF4B-00C04F79EFBC}") = "Nexit.Tests", "tests\Nexit.Tests\Nexit.Tests.csproj", "{C1237198-76F6-4394-A2F2-A8CEE29B401B}"
EndProject
Global
	GlobalSection(SolutionConfigurationPlatforms) = preSolution
		Debug|Any CPU = Debug|Any CPU
		Debug|x64 = Debug|x64
		Debug|x86 = Debug|x86
		Release|Any CPU = Release|Any CPU
		Release|x64 = Release|x64
		Release|x86 = Release|x86
	EndGlobalSection
	GlobalSection(ProjectConfigurationPlatforms) = postSolution
		{F55CC332-E08A-48D6-BE2D-A9FFFAC4FBD9}.Debug|Any CPU.ActiveCfg = Debug|Any CPU
		{F55CC332-E08A-48D6-BE2D-A9FFFAC4FBD9}.Debug|Any CPU.Build.0 = Debug|Any CPU
		{F55CC332-E08A-48D6-BE2D-A9FFFAC4FBD9}.Debug|x64.ActiveCfg = Debug|Any CPU
		{F55CC332-E08A-48D6-BE2D-A9FFFAC4FBD9}.Debug|x64.Build.0 = Debug|Any CPU
		{F55CC332-E08A-48D6-BE2D-A9FFFAC4FBD9}.Debug|x86.ActiveCfg = Debug|Any CPU
		{F55CC332-E08A-48D6-BE2D-A9FFFAC4FBD9}.Debug|x86.Build.0 = Debug|Any CPU
		{F55CC332-E08A-48D6-BE2D-A9FFFAC4FBD9}.Release|Any CPU.ActiveCfg = Release|Any CPU
		{F55CC332-E08A-48D6-BE2D-A9FFFAC4FBD9}.Release|Any CPU.Build.0 = Release|Any CPU
		{F55CC332-E08A-48D6-BE2D-A9FFFAC4FBD9}.Release|x64.ActiveCfg = Release|Any CPU
		{F55CC332-E08A-48D6-BE2D-A9FFFAC4FBD9}.Release|x64.Build.0 = Release|Any CPU
		{F55CC332-E08A-48D6-BE2D-A9FFFAC4FBD9}.Release|x86.ActiveCfg = Release|Any CPU
		{F55CC332-E08A-48D6-BE2D-A9FFFAC4FBD9}.Release|x86.Build.0 = Release|Any CPU
		{AEC57C6E-F88B-44AE-B7A2-C02C9E823FC5}.Debug|Any CPU.ActiveCfg = Debug|Any CPU
		{AEC57C6E-F88B-44AE-B7A2-C02C9E823FC5}.Debug|Any CPU.Build.0 = Debug|Any CPU
		{AEC57C6E-F88B-44AE-B7A2-C02C9E823FC5}.Debug|x64.ActiveCfg = Debug|Any CPU
		{AEC57C6E-F88B-44AE-B7A2-C02C9E823FC5}.Debug|x64.Build.0 = Debug|Any CPU
		{AEC57C6E-F88B-44AE-B7A2-C02C9E823FC5}.Debug|x86.ActiveCfg = Debug|Any CPU
		{AEC57C6E-F88B-44AE-B7A2-C02C9E823FC5}.Debug|x86.Build.0 = Debug|Any CPU
		{AEC57C6E-F88B-44AE-B7A2-C02C9E823FC5}.Release|Any CPU.ActiveCfg = Release|Any CPU
		{AEC57C6E-F88B-44AE-B7A2-C02C9E823FC5}.Release|Any CPU.Build.0 = Release|Any CPU
		{AEC57C6E-F88B-44AE-B7A2-C02C9E823FC5}.Release|x64.ActiveCfg = Release|Any CPU
		{AEC57C6E-F88B-44AE-B7A2-C02C9E823FC5}.Release|x64.Build.0 = Release|Any CPU
		{AEC57C6E-F88B-44AE-B7A2-C02C9E823FC5}.Release|x86.ActiveCfg = Release|Any CPU
		{AEC57C6E-F88B-44AE-B7A2-C02C9E823FC5}.Release|x86.Build.0 = Release|Any CPU
		{BEE88A4B-7C85-48F8-A59B-C4CD92656D1E}.Debug|Any CPU.ActiveCfg = Debug|Any CPU
		{BEE88A4B-7C85-48F8-A59B-C4CD92656D1E}.Debug|Any CPU.Build.0 = Debug|Any CPU
		{BEE88A4B-7C85-48F8-A59B-C4CD92656D1E}.Debug|x64.ActiveCfg = Debug|Any CPU
		{BEE88A4B-7C85-48F8-A59B-C4CD92656D1E}.Debug|x64.Build.0 = Debug|Any CPU
		{BEE88A4B-7C85-48F8-A59B-C4CD92656D1E}.Debug|x86.ActiveCfg = Debug|Any CPU
		{BEE88A4B-7C85-48F8-A59B-C4CD92656D1E}.Debug|x86.Build.0 = Debug|Any CPU
		{BEE88A4B-7C85-48F8-A59B-C4CD92656D1E}.Release|Any CPU.ActiveCfg = Release|Any CPU
		{BEE88A4B-7C85-48F8-A59B-C4CD92656D1E}.Release|Any CPU.Build.0 = Release|Any CPU
		{BEE88A4B-7C85-48F8-A59B-C4CD92656D1E}.Release|x64.ActiveCfg = Release|Any CPU
		{BEE88A4B-7C85-48F8-A59B-C4CD92656D1E}.Release|x64.Build.0 = Release|Any CPU
		{BEE88A4B-7C85-48F8-A59B-C4CD92656D1E}.Release|x86.ActiveCfg = Release|Any CPU
		{BEE88A4B-7C85-48F8-A59B-C4CD92656D1E}.Release|x86.Build.0 = Release|Any CPU
		{38D6000E-605B-4EA0-8DB1-E4ECC5E25647}.Debug|Any CPU.ActiveCfg = Debug|Any CPU
		{38D6000E-605B-4EA0-8DB1-E4ECC5E25647}.Debug|Any CPU.Build.0 = Debug|Any CPU
		{38D6000E-605B-4EA0-8DB1-E4ECC5E25647}.Debug|x64.ActiveCfg = Debug|Any CPU
		{38D6000E-605B-4EA0-8DB1-E4ECC5E25647}.Debug|x64.Build.0 = Debug|Any CPU
		{38D6000E-605B-4EA0-8DB1-E4ECC5E25647}.Debug|x86.ActiveCfg = Debug|Any CPU
		{38D6000E-605B-4EA0-8DB1-E4ECC5E25647}.Debug|x86.Build.0 = Debug|Any CPU
		{38D6000E-605B-4EA0-8DB1-E4ECC5E25647}.Release|Any CPU.ActiveCfg = Release|Any CPU
		{38D6000E-605B-4EA0-8DB1-E4ECC5E25647}.Release|Any CPU.Build.0 = Release|Any CPU
		{38D6000E-605B-4EA0-8DB1-E4ECC5E25647}.Release|x64.ActiveCfg = Release|Any CPU
		{38D6000E-605B-4EA0-8DB1-E4ECC5E25647}.Release|x64.Build.0 = Release|Any CPU
		{38D6000E-605B-4EA0-8DB1-E4ECC5E25647}.Release|x86.ActiveCfg = Release|Any CPU
		{38D6000E-605B-4EA0-8DB1-E4ECC5E25647}.Release|x86.Build.0 = Release|Any CPU
		{C1237198-76F6-4394-A2F2-A8CEE29B401B}.Debug|Any CPU.ActiveCfg = Debug|Any CPU
		{C1237198-76F6-4394-A2F2-A8CEE29B401B}.Debug|Any CPU.Build.0 = Debug|Any CPU
		{C1237198-76F6-4394-A2F2-A8CEE29B401B}.Debug|x64.ActiveCfg = Debug|Any CPU
		{C1237198-76F6-4394-A2F2-A8CEE29B401B}.Debug|x64.Build.0 = Debug|Any CPU
		{C1237198-76F6-4394-A2F2-A8CEE29B401B}.Debug|x86.ActiveCfg = Debug|Any CPU
		{C1237198-76F6-4394-A2F2-A8CEE29B401B}.Debug|x86.Build.0 = Debug|Any CPU
		{C1237198-76F6-4394-A2F2-A8CEE29B401B}.Release|Any CPU.ActiveCfg = Release|Any CPU
		{C1237198-76F6-4394-A2F2-A8CEE29B401B}.Release|Any CPU.Build.0 = Release|Any CPU
		{C1237198-76F6-4394-A2F2-A8CEE29B401B}.Release|x64.ActiveCfg = Release|Any CPU
		{C1237198-76F6-4394-A2F2-A8CEE29B401B}.Release|x64.Build.0 = Release|Any CPU
		{C1237198-76F6-4394-A2F2-A8CEE29B401B}.Release|x86.ActiveCfg = Release|Any CPU
		{C1237198-76F6-4394-A2F2-A8CEE29B401B}.Release|x86.Build.0 = Release|Any CPU
	EndGlobalSection
	GlobalSection(SolutionProperties) = preSolution
		HideSolutionNode = FALSE
	EndGlobalSection
	GlobalSection(NestedProjects) = preSolution
		{F55CC332-E08A-48D6-BE2D-A9FFFAC4FBD9} = {827E0CD3-B72D-47B6-A68D-7590B98EB39B}
		{AEC57C6E-F88B-44AE-B7A2-C02C9E823FC5} = {827E0CD3-B72D-47B6-A68D-7590B98EB39B}
		{BEE88A4B-7C85-48F8-A59B-C4CD92656D1E} = {827E0CD3-B72D-47B6-A68D-7590B98EB39B}
		{38D6000E-605B-4EA0-8DB1-E4ECC5E25647} = {827E0CD3-B72D-47B6-A68D-7590B98EB39B}
		{C1237198-76F6-4394-A2F2-A8CEE29B401B} = {827E0CD3-B72D-47B6-A68D-7590B98EB39B}
	EndGlobalSection
EndGlobal
